
Microsoft Visual Studio Solution File, Format Version 12.00
# Visual Studio Version 16
VisualStudioVersion = 16.0.30804.86
MinimumVisualStudioVersion = 10.0.40219.1
Project("{888888A0-9F3D-457C-B088-3A5042F75D52}") = "Title Generation", "Title Generation\Title Generation.pyproj", "{7071F7E2-FC42-4775-A64F-A8D73F01D87D}"
EndProject
Global
	GlobalSection(SolutionConfigurationPlatforms) = preSolution
		Debug|Any CPU = Debug|Any CPU
		Release|Any CPU = Release|Any CPU
	EndGlobalSection
	GlobalSection(ProjectConfigurationPlatforms) = postSolution
		{7071F7E2-FC42-4775-A64F-A8D73F01D87D}.Debug|Any CPU.ActiveCfg = Debug|Any CPU
		{7071F7E2-FC42-4775-A64F-A8D73F01D87D}.Release|Any CPU.ActiveCfg = Release|Any CPU
	EndGlobalSection
	GlobalSection(SolutionProperties) = preSolution
		HideSolutionNode = FALSE
	EndGlobalSection
	GlobalSection(ExtensibilityGlobals) = postSolution
		SolutionGuid = {0F88DF54-EFCF-4288-9D5F-9C2C61421C83}
	EndGlobalSection
EndGlobal
